{
  "requires": true,
  "lockfileVersion": 1,
  "dependencies": {
    "turretcss": {
      "version": "5.0.0",
      "resolved": "https://registry.npmjs.org/turretcss/-/turretcss-5.0.0.tgz",
      "integrity": "sha512-90AuYmQIwOVn0eQeWAwz9/7unuJomnHiyEMsvpybPPDq52KSepjvU1gw10MQzsvalP8Wu9lHd3zBdEHcMAPRlg=="
    }
  }
}
